
Microsoft Visual Studio Solution File, Format Version 12.00
# Visual Studio Version 17
VisualStudioVersion = 17.0.31903.59
MinimumVisualStudioVersion = 10.0.40219.1

Project("{2150E333-8FDC-42A3-9474-1A3956D46DE8}") = "src", "src", "{A1000001-0000-0000-0000-000000000000}"
EndProject
Project("{2150E333-8FDC-42A3-9474-1A3956D46DE8}") = "tests", "tests", "{A2000001-0000-0000-0000-000000000000}"
EndProject

Project("{FAE04EC0-301F-11D3-BF4B-00C04F79EFBC}") = "MicroCMS.Shared", "src\MicroCMS.Shared\MicroCMS.Shared.csproj", "{B0000001-0000-0000-0000-000000000001}"
EndProject
Project("{FAE04EC0-301F-11D3-BF4B-00C04F79EFBC}") = "MicroCMS.Domain", "src\MicroCMS.Domain\MicroCMS.Domain.csproj", "{B0000001-0000-0000-0000-000000000002}"
EndProject
Project("{FAE04EC0-301F-11D3-BF4B-00C04F79EFBC}") = "MicroCMS.Application", "src\MicroCMS.Application\MicroCMS.Application.csproj", "{B0000001-0000-0000-0000-000000000003}"
EndProject
Project("{FAE04EC0-301F-11D3-BF4B-00C04F79EFBC}") = "MicroCMS.Infrastructure", "src\MicroCMS.Infrastructure\MicroCMS.Infrastructure.csproj", "{B0000001-0000-0000-0000-000000000004}"
EndProject
Project("{FAE04EC0-301F-11D3-BF4B-00C04F79EFBC}") = "MicroCMS.Ai.Abstractions", "src\MicroCMS.Ai.Abstractions\MicroCMS.Ai.Abstractions.csproj", "{B0000001-0000-0000-0000-000000000005}"
EndProject
Project("{FAE04EC0-301F-11D3-BF4B-00C04F79EFBC}") = "MicroCMS.Ai.Core", "src\MicroCMS.Ai.Core\MicroCMS.Ai.Core.csproj", "{B0000001-0000-0000-0000-000000000006}"
EndProject
Project("{FAE04EC0-301F-11D3-BF4B-00C04F79EFBC}") = "MicroCMS.Ai.Providers.AzureOpenAI", "src\MicroCMS.Ai.Providers.AzureOpenAI\MicroCMS.Ai.Providers.AzureOpenAI.csproj", "{B0000001-0000-0000-0000-000000000007}"
EndProject
Project("{FAE04EC0-301F-11D3-BF4B-00C04F79EFBC}") = "MicroCMS.Ai.Providers.OpenAI", "src\MicroCMS.Ai.Providers.OpenAI\MicroCMS.Ai.Providers.OpenAI.csproj", "{B0000001-0000-0000-0000-000000000008}"
EndProject
Project("{FAE04EC0-301F-11D3-BF4B-00C04F79EFBC}") = "MicroCMS.Ai.Providers.Anthropic", "src\MicroCMS.Ai.Providers.Anthropic\MicroCMS.Ai.Providers.Anthropic.csproj", "{B0000001-0000-0000-0000-000000000009}"
EndProject
Project("{FAE04EC0-301F-11D3-BF4B-00C04F79EFBC}") = "MicroCMS.Ai.Providers.Bedrock", "src\MicroCMS.Ai.Providers.Bedrock\MicroCMS.Ai.Providers.Bedrock.csproj", "{B0000001-0000-0000-0000-000000000010}"
EndProject
Project("{FAE04EC0-301F-11D3-BF4B-00C04F79EFBC}") = "MicroCMS.Ai.Providers.Vertex", "src\MicroCMS.Ai.Providers.Vertex\MicroCMS.Ai.Providers.Vertex.csproj", "{B0000001-0000-0000-0000-000000000011}"
EndProject
Project("{FAE04EC0-301F-11D3-BF4B-00C04F79EFBC}") = "MicroCMS.Ai.Providers.Ollama", "src\MicroCMS.Ai.Providers.Ollama\MicroCMS.Ai.Providers.Ollama.csproj", "{B0000001-0000-0000-0000-000000000012}"
EndProject
Project("{FAE04EC0-301F-11D3-BF4B-00C04F79EFBC}") = "MicroCMS.Ai.VectorStores.PgVector", "src\MicroCMS.Ai.VectorStores.PgVector\MicroCMS.Ai.VectorStores.PgVector.csproj", "{B0000001-0000-0000-0000-000000000013}"
EndProject
Project("{FAE04EC0-301F-11D3-BF4B-00C04F79EFBC}") = "MicroCMS.Ai.VectorStores.OpenSearch", "src\MicroCMS.Ai.VectorStores.OpenSearch\MicroCMS.Ai.VectorStores.OpenSearch.csproj", "{B0000001-0000-0000-0000-000000000014}"
EndProject
Project("{FAE04EC0-301F-11D3-BF4B-00C04F79EFBC}") = "MicroCMS.Ai.VectorStores.Qdrant", "src\MicroCMS.Ai.VectorStores.Qdrant\MicroCMS.Ai.VectorStores.Qdrant.csproj", "{B0000001-0000-0000-0000-000000000015}"
EndProject
Project("{FAE04EC0-301F-11D3-BF4B-00C04F79EFBC}") = "MicroCMS.Api", "src\MicroCMS.Api\MicroCMS.Api.csproj", "{B0000001-0000-0000-0000-000000000016}"
EndProject
Project("{FAE04EC0-301F-11D3-BF4B-00C04F79EFBC}") = "MicroCMS.GraphQL", "src\MicroCMS.GraphQL\MicroCMS.GraphQL.csproj", "{B0000001-0000-0000-0000-000000000017}"
EndProject
Project("{FAE04EC0-301F-11D3-BF4B-00C04F79EFBC}") = "MicroCMS.Admin.WebHost", "src\MicroCMS.Admin.WebHost\MicroCMS.Admin.WebHost.csproj", "{B0000001-0000-0000-0000-000000000018}"
EndProject
Project("{FAE04EC0-301F-11D3-BF4B-00C04F79EFBC}") = "MicroCMS.Plugins.Abstractions", "src\MicroCMS.Plugins.Abstractions\MicroCMS.Plugins.Abstractions.csproj", "{B0000001-0000-0000-0000-000000000019}"
EndProject
Project("{FAE04EC0-301F-11D3-BF4B-00C04F79EFBC}") = "MicroCMS.Plugins.Hosting", "src\MicroCMS.Plugins.Hosting\MicroCMS.Plugins.Hosting.csproj", "{B0000001-0000-0000-0000-000000000020}"
EndProject
Project("{FAE04EC0-301F-11D3-BF4B-00C04F79EFBC}") = "MicroCMS.WebHost", "src\MicroCMS.WebHost\MicroCMS.WebHost.csproj", "{B0000001-0000-0000-0000-000000000021}"
EndProject

Project("{FAE04EC0-301F-11D3-BF4B-00C04F79EFBC}") = "MicroCMS.Domain.UnitTests", "tests\MicroCMS.Domain.UnitTests\MicroCMS.Domain.UnitTests.csproj", "{C0000001-0000-0000-0000-000000000001}"
EndProject
Project("{FAE04EC0-301F-11D3-BF4B-00C04F79EFBC}") = "MicroCMS.Application.UnitTests", "tests\MicroCMS.Application.UnitTests\MicroCMS.Application.UnitTests.csproj", "{C0000001-0000-0000-0000-000000000002}"
EndProject
Project("{FAE04EC0-301F-11D3-BF4B-00C04F79EFBC}") = "MicroCMS.Infrastructure.IntegrationTests", "tests\MicroCMS.Infrastructure.IntegrationTests\MicroCMS.Infrastructure.IntegrationTests.csproj", "{C0000001-0000-0000-0000-000000000003}"
EndProject
Project("{FAE04EC0-301F-11D3-BF4B-00C04F79EFBC}") = "MicroCMS.Api.ContractTests", "tests\MicroCMS.Api.ContractTests\MicroCMS.Api.ContractTests.csproj", "{C0000001-0000-0000-0000-000000000004}"
EndProject
Project("{FAE04EC0-301F-11D3-BF4B-00C04F79EFBC}") = "MicroCMS.Architecture.Tests", "tests\MicroCMS.Architecture.Tests\MicroCMS.Architecture.Tests.csproj", "{C0000001-0000-0000-0000-000000000005}"
EndProject
Project("{FAE04EC0-301F-11D3-BF4B-00C04F79EFBC}") = "MicroCMS.E2E.Tests", "tests\MicroCMS.E2E.Tests\MicroCMS.E2E.Tests.csproj", "{C0000001-0000-0000-0000-000000000006}"
EndProject

Global
  GlobalSection(SolutionConfigurationPlatforms) = preSolution
    Debug|Any CPU = Debug|Any CPU
    Release|Any CPU = Release|Any CPU
  EndGlobalSection
  GlobalSection(ProjectConfigurationPlatforms) = postSolution
    {B0000001-0000-0000-0000-000000000001}.Debug|Any CPU.ActiveCfg = Debug|Any CPU
    {B0000001-0000-0000-0000-000000000001}.Debug|Any CPU.Build.0 = Debug|Any CPU
    {B0000001-0000-0000-0000-000000000001}.Release|Any CPU.ActiveCfg = Release|Any CPU
    {B0000001-0000-0000-0000-000000000001}.Release|Any CPU.Build.0 = Release|Any CPU
    {B0000001-0000-0000-0000-000000000002}.Debug|Any CPU.ActiveCfg = Debug|Any CPU
    {B0000001-0000-0000-0000-000000000002}.Debug|Any CPU.Build.0 = Debug|Any CPU
    {B0000001-0000-0000-0000-000000000002}.Release|Any CPU.ActiveCfg = Release|Any CPU
    {B0000001-0000-0000-0000-000000000002}.Release|Any CPU.Build.0 = Release|Any CPU
    {B0000001-0000-0000-0000-000000000003}.Debug|Any CPU.ActiveCfg = Debug|Any CPU
    {B0000001-0000-0000-0000-000000000003}.Debug|Any CPU.Build.0 = Debug|Any CPU
    {B0000001-0000-0000-0000-000000000003}.Release|Any CPU.ActiveCfg = Release|Any CPU
    {B0000001-0000-0000-0000-000000000003}.Release|Any CPU.Build.0 = Release|Any CPU
    {B0000001-0000-0000-0000-000000000004}.Debug|Any CPU.ActiveCfg = Debug|Any CPU
    {B0000001-0000-0000-0000-000000000004}.Debug|Any CPU.Build.0 = Debug|Any CPU
    {B0000001-0000-0000-0000-000000000004}.Release|Any CPU.ActiveCfg = Release|Any CPU
    {B0000001-0000-0000-0000-000000000004}.Release|Any CPU.Build.0 = Release|Any CPU
    {B0000001-0000-0000-0000-000000000005}.Debug|Any CPU.ActiveCfg = Debug|Any CPU
    {B0000001-0000-0000-0000-000000000005}.Debug|Any CPU.Build.0 = Debug|Any CPU
    {B0000001-0000-0000-0000-000000000005}.Release|Any CPU.ActiveCfg = Release|Any CPU
    {B0000001-0000-0000-0000-000000000005}.Release|Any CPU.Build.0 = Release|Any CPU
    {B0000001-0000-0000-0000-000000000006}.Debug|Any CPU.ActiveCfg = Debug|Any CPU
    {B0000001-0000-0000-0000-000000000006}.Debug|Any CPU.Build.0 = Debug|Any CPU
    {B0000001-0000-0000-0000-000000000006}.Release|Any CPU.ActiveCfg = Release|Any CPU
    {B0000001-0000-0000-0000-000000000006}.Release|Any CPU.Build.0 = Release|Any CPU
    {B0000001-0000-0000-0000-000000000007}.Debug|Any CPU.ActiveCfg = Debug|Any CPU
    {B0000001-0000-0000-0000-000000000007}.Debug|Any CPU.Build.0 = Debug|Any CPU
    {B0000001-0000-0000-0000-000000000007}.Release|Any CPU.ActiveCfg = Release|Any CPU
    {B0000001-0000-0000-0000-000000000007}.Release|Any CPU.Build.0 = Release|Any CPU
    {B0000001-0000-0000-0000-000000000008}.Debug|Any CPU.ActiveCfg = Debug|Any CPU
    {B0000001-0000-0000-0000-000000000008}.Debug|Any CPU.Build.0 = Debug|Any CPU
    {B0000001-0000-0000-0000-000000000008}.Release|Any CPU.ActiveCfg = Release|Any CPU
    {B0000001-0000-0000-0000-000000000008}.Release|Any CPU.Build.0 = Release|Any CPU
    {B0000001-0000-0000-0000-000000000009}.Debug|Any CPU.ActiveCfg = Debug|Any CPU
    {B0000001-0000-0000-0000-000000000009}.Debug|Any CPU.Build.0 = Debug|Any CPU
    {B0000001-0000-0000-0000-000000000009}.Release|Any CPU.ActiveCfg = Release|Any CPU
    {B0000001-0000-0000-0000-000000000009}.Release|Any CPU.Build.0 = Release|Any CPU
    {B0000001-0000-0000-0000-000000000010}.Debug|Any CPU.ActiveCfg = Debug|Any CPU
    {B0000001-0000-0000-0000-000000000010}.Debug|Any CPU.Build.0 = Debug|Any CPU
    {B0000001-0000-0000-0000-000000000010}.Release|Any CPU.ActiveCfg = Release|Any CPU
    {B0000001-0000-0000-0000-000000000010}.Release|Any CPU.Build.0 = Release|Any CPU
    {B0000001-0000-0000-0000-000000000011}.Debug|Any CPU.ActiveCfg = Debug|Any CPU
    {B0000001-0000-0000-0000-000000000011}.Debug|Any CPU.Build.0 = Debug|Any CPU
    {B0000001-0000-0000-0000-000000000011}.Release|Any CPU.ActiveCfg = Release|Any CPU
    {B0000001-0000-0000-0000-000000000011}.Release|Any CPU.Build.0 = Release|Any CPU
    {B0000001-0000-0000-0000-000000000012}.Debug|Any CPU.ActiveCfg = Debug|Any CPU
    {B0000001-0000-0000-0000-000000000012}.Debug|Any CPU.Build.0 = Debug|Any CPU
    {B0000001-0000-0000-0000-000000000012}.Release|Any CPU.ActiveCfg = Release|Any CPU
    {B0000001-0000-0000-0000-000000000012}.Release|Any CPU.Build.0 = Release|Any CPU
    {B0000001-0000-0000-0000-000000000013}.Debug|Any CPU.ActiveCfg = Debug|Any CPU
    {B0000001-0000-0000-0000-000000000013}.Debug|Any CPU.Build.0 = Debug|Any CPU
    {B0000001-0000-0000-0000-000000000013}.Release|Any CPU.ActiveCfg = Release|Any CPU
    {B0000001-0000-0000-0000-000000000013}.Release|Any CPU.Build.0 = Release|Any CPU
    {B0000001-0000-0000-0000-000000000014}.Debug|Any CPU.ActiveCfg = Debug|Any CPU
    {B0000001-0000-0000-0000-000000000014}.Debug|Any CPU.Build.0 = Debug|Any CPU
    {B0000001-0000-0000-0000-000000000014}.Release|Any CPU.ActiveCfg = Release|Any CPU
    {B0000001-0000-0000-0000-000000000014}.Release|Any CPU.Build.0 = Release|Any CPU
    {B0000001-0000-0000-0000-000000000015}.Debug|Any CPU.ActiveCfg = Debug|Any CPU
    {B0000001-0000-0000-0000-000000000015}.Debug|Any CPU.Build.0 = Debug|Any CPU
    {B0000001-0000-0000-0000-000000000015}.Release|Any CPU.ActiveCfg = Release|Any CPU
    {B0000001-0000-0000-0000-000000000015}.Release|Any CPU.Build.0 = Release|Any CPU
    {B0000001-0000-0000-0000-000000000016}.Debug|Any CPU.ActiveCfg = Debug|Any CPU
    {B0000001-0000-0000-0000-000000000016}.Debug|Any CPU.Build.0 = Debug|Any CPU
    {B0000001-0000-0000-0000-000000000016}.Release|Any CPU.ActiveCfg = Release|Any CPU
    {B0000001-0000-0000-0000-000000000016}.Release|Any CPU.Build.0 = Release|Any CPU
    {B0000001-0000-0000-0000-000000000017}.Debug|Any CPU.ActiveCfg = Debug|Any CPU
    {B0000001-0000-0000-0000-000000000017}.Debug|Any CPU.Build.0 = Debug|Any CPU
    {B0000001-0000-0000-0000-000000000017}.Release|Any CPU.ActiveCfg = Release|Any CPU
    {B0000001-0000-0000-0000-000000000017}.Release|Any CPU.Build.0 = Release|Any CPU
    {B0000001-0000-0000-0000-000000000018}.Debug|Any CPU.ActiveCfg = Debug|Any CPU
    {B0000001-0000-0000-0000-000000000018}.Debug|Any CPU.Build.0 = Debug|Any CPU
    {B0000001-0000-0000-0000-000000000018}.Release|Any CPU.ActiveCfg = Release|Any CPU
    {B0000001-0000-0000-0000-000000000018}.Release|Any CPU.Build.0 = Release|Any CPU
    {B0000001-0000-0000-0000-000000000019}.Debug|Any CPU.ActiveCfg = Debug|Any CPU
    {B0000001-0000-0000-0000-000000000019}.Debug|Any CPU.Build.0 = Debug|Any CPU
    {B0000001-0000-0000-0000-000000000019}.Release|Any CPU.ActiveCfg = Release|Any CPU
    {B0000001-0000-0000-0000-000000000019}.Release|Any CPU.Build.0 = Release|Any CPU
    {B0000001-0000-0000-0000-000000000020}.Debug|Any CPU.ActiveCfg = Debug|Any CPU
    {B0000001-0000-0000-0000-000000000020}.Debug|Any CPU.Build.0 = Debug|Any CPU
    {B0000001-0000-0000-0000-000000000020}.Release|Any CPU.ActiveCfg = Release|Any CPU
    {B0000001-0000-0000-0000-000000000020}.Release|Any CPU.Build.0 = Release|Any CPU
    {B0000001-0000-0000-0000-000000000021}.Debug|Any CPU.ActiveCfg = Debug|Any CPU
    {B0000001-0000-0000-0000-000000000021}.Debug|Any CPU.Build.0 = Debug|Any CPU
    {B0000001-0000-0000-0000-000000000021}.Release|Any CPU.ActiveCfg = Release|Any CPU
    {B0000001-0000-0000-0000-000000000021}.Release|Any CPU.Build.0 = Release|Any CPU
    {C0000001-0000-0000-0000-000000000001}.Debug|Any CPU.ActiveCfg = Debug|Any CPU
    {C0000001-0000-0000-0000-000000000001}.Debug|Any CPU.Build.0 = Debug|Any CPU
    {C0000001-0000-0000-0000-000000000001}.Release|Any CPU.ActiveCfg = Release|Any CPU
    {C0000001-0000-0000-0000-000000000001}.Release|Any CPU.Build.0 = Release|Any CPU
    {C0000001-0000-0000-0000-000000000002}.Debug|Any CPU.ActiveCfg = Debug|Any CPU
    {C0000001-0000-0000-0000-000000000002}.Debug|Any CPU.Build.0 = Debug|Any CPU
    {C0000001-0000-0000-0000-000000000002}.Release|Any CPU.ActiveCfg = Release|Any CPU
    {C0000001-0000-0000-0000-000000000002}.Release|Any CPU.Build.0 = Release|Any CPU
    {C0000001-0000-0000-0000-000000000003}.Debug|Any CPU.ActiveCfg = Debug|Any CPU
    {C0000001-0000-0000-0000-000000000003}.Debug|Any CPU.Build.0 = Debug|Any CPU
    {C0000001-0000-0000-0000-000000000003}.Release|Any CPU.ActiveCfg = Release|Any CPU
    {C0000001-0000-0000-0000-000000000003}.Release|Any CPU.Build.0 = Release|Any CPU
    {C0000001-0000-0000-0000-000000000004}.Debug|Any CPU.ActiveCfg = Debug|Any CPU
    {C0000001-0000-0000-0000-000000000004}.Debug|Any CPU.Build.0 = Debug|Any CPU
    {C0000001-0000-0000-0000-000000000004}.Release|Any CPU.ActiveCfg = Release|Any CPU
    {C0000001-0000-0000-0000-000000000004}.Release|Any CPU.Build.0 = Release|Any CPU
    {C0000001-0000-0000-0000-000000000005}.Debug|Any CPU.ActiveCfg = Debug|Any CPU
    {C0000001-0000-0000-0000-000000000005}.Debug|Any CPU.Build.0 = Debug|Any CPU
    {C0000001-0000-0000-0000-000000000005}.Release|Any CPU.ActiveCfg = Release|Any CPU
    {C0000001-0000-0000-0000-000000000005}.Release|Any CPU.Build.0 = Release|Any CPU
    {C0000001-0000-0000-0000-000000000006}.Debug|Any CPU.ActiveCfg = Debug|Any CPU
    {C0000001-0000-0000-0000-000000000006}.Debug|Any CPU.Build.0 = Debug|Any CPU
    {C0000001-0000-0000-0000-000000000006}.Release|Any CPU.ActiveCfg = Release|Any CPU
    {C0000001-0000-0000-0000-000000000006}.Release|Any CPU.Build.0 = Release|Any CPU
  EndGlobalSection
  GlobalSection(NestedProjects) = preSolution
    {B0000001-0000-0000-0000-000000000001} = {A1000001-0000-0000-0000-000000000000}
    {B0000001-0000-0000-0000-000000000002} = {A1000001-0000-0000-0000-000000000000}
    {B0000001-0000-0000-0000-000000000003} = {A1000001-0000-0000-0000-000000000000}
    {B0000001-0000-0000-0000-000000000004} = {A1000001-0000-0000-0000-000000000000}
    {B0000001-0000-0000-0000-000000000005} = {A1000001-0000-0000-0000-000000000000}
    {B0000001-0000-0000-0000-000000000006} = {A1000001-0000-0000-0000-000000000000}
    {B0000001-0000-0000-0000-000000000007} = {A1000001-0000-0000-0000-000000000000}
    {B0000001-0000-0000-0000-000000000008} = {A1000001-0000-0000-0000-000000000000}
    {B0000001-0000-0000-0000-000000000009} = {A1000001-0000-0000-0000-000000000000}
    {B0000001-0000-0000-0000-000000000010} = {A1000001-0000-0000-0000-000000000000}
    {B0000001-0000-0000-0000-000000000011} = {A1000001-0000-0000-0000-000000000000}
    {B0000001-0000-0000-0000-000000000012} = {A1000001-0000-0000-0000-000000000000}
    {B0000001-0000-0000-0000-000000000013} = {A1000001-0000-0000-0000-000000000000}
    {B0000001-0000-0000-0000-000000000014} = {A1000001-0000-0000-0000-000000000000}
    {B0000001-0000-0000-0000-000000000015} = {A1000001-0000-0000-0000-000000000000}
    {B0000001-0000-0000-0000-000000000016} = {A1000001-0000-0000-0000-000000000000}
    {B0000001-0000-0000-0000-000000000017} = {A1000001-0000-0000-0000-000000000000}
    {B0000001-0000-0000-0000-000000000018} = {A1000001-0000-0000-0000-000000000000}
    {B0000001-0000-0000-0000-000000000019} = {A1000001-0000-0000-0000-000000000000}
    {B0000001-0000-0000-0000-000000000020} = {A1000001-0000-0000-0000-000000000000}
    {B0000001-0000-0000-0000-000000000021} = {A1000001-0000-0000-0000-000000000000}
    {C0000001-0000-0000-0000-000000000001} = {A2000001-0000-0000-0000-000000000000}
    {C0000001-0000-0000-0000-000000000002} = {A2000001-0000-0000-0000-000000000000}
    {C0000001-0000-0000-0000-000000000003} = {A2000001-0000-0000-0000-000000000000}
    {C0000001-0000-0000-0000-000000000004} = {A2000001-0000-0000-0000-000000000000}
    {C0000001-0000-0000-0000-000000000005} = {A2000001-0000-0000-0000-000000000000}
    {C0000001-0000-0000-0000-000000000006} = {A2000001-0000-0000-0000-000000000000}
  EndGlobalSection
EndGlobal
