
Microsoft Visual Studio Solution File, Format Version 12.00
# Visual Studio Version 17
VisualStudioVersion = 17.0.32112.339
MinimumVisualStudioVersion = 10.0.40219.1
Project("{2150E333-8FDC-42A3-9474-1A3956D46DE8}") = "0.Core", "0.Core", "{566DF192-D7E0-41EF-8A1A-A3133F367963}"
EndProject
Project("{9A19103F-16F7-4668-BE54-9A1E7A4F7556}") = "MicroCms.Core", "MicroCms.Core\source\MicroCms.Core.csproj", "{A5286567-68BE-4D6A-873A-766BCCB4911B}"
EndProject
Project("{2150E333-8FDC-42A3-9474-1A3956D46DE8}") = "1.Api", "1.Api", "{290064F0-598F-45B0-83DA-249DC3D2EEE8}"
EndProject
Project("{2150E333-8FDC-42A3-9474-1A3956D46DE8}") = "2.Web", "2.Web", "{6492BFE4-3A7E-4AE0-B2D8-337EF7867FE3}"
EndProject
Project("{2150E333-8FDC-42A3-9474-1A3956D46DE8}") = "3.Implementations", "3.Implementations", "{9682231B-9E81-42D3-A4B1-24758DB7D7EE}"
EndProject
Project("{2150E333-8FDC-42A3-9474-1A3956D46DE8}") = "EF.SQL", "EF.SQL", "{ED40CB09-CE67-41E8-86A7-BE6027C60230}"
EndProject
Project("{2150E333-8FDC-42A3-9474-1A3956D46DE8}") = "EF.PGSQL", "EF.PGSQL", "{586D977E-6350-453A-A080-77249DD26635}"
EndProject
Project("{2150E333-8FDC-42A3-9474-1A3956D46DE8}") = "Datastore", "Datastore", "{E185B33F-3217-499B-9893-BB48CEA2592A}"
EndProject
Project("{2150E333-8FDC-42A3-9474-1A3956D46DE8}") = "Search", "Search", "{19DFE783-04E6-408F-814F-69F421022E14}"
EndProject
Project("{2150E333-8FDC-42A3-9474-1A3956D46DE8}") = "Publish", "Publish", "{EA5AB01B-7DEF-4F21-96C9-F2DCDCE97C05}"
EndProject
Project("{2150E333-8FDC-42A3-9474-1A3956D46DE8}") = "AWSS3", "AWSS3", "{0D35EEFC-9B8B-419F-BF68-379531D87DEC}"
EndProject
Project("{2150E333-8FDC-42A3-9474-1A3956D46DE8}") = "Solr", "Solr", "{DCFCF25B-ADFB-4465-A72F-6254D1E6BCF2}"
EndProject
Project("{2150E333-8FDC-42A3-9474-1A3956D46DE8}") = "AWSCloudSearch", "AWSCloudSearch", "{AAF9013E-966B-4A61-B228-E27FAFE5AC15}"
EndProject
Project("{2150E333-8FDC-42A3-9474-1A3956D46DE8}") = "AzureSearch", "AzureSearch", "{BD68B993-13DC-4F73-A65C-540F078F1E17}"
EndProject
Project("{9A19103F-16F7-4668-BE54-9A1E7A4F7556}") = "MicroCms.Web.Api", "MicroCms.Web.Api\MicroCms.Web.Api.csproj", "{673D25AF-8172-4A6B-821A-1329560DA5F1}"
EndProject
Project("{2150E333-8FDC-42A3-9474-1A3956D46DE8}") = "Package", "Package", "{414DF75D-9D02-46BC-AFDB-9D60ECD8B5A1}"
EndProject
Project("{FAE04EC0-301F-11D3-BF4B-00C04F79EFBC}") = "MicroCms.Package", "Packages\MicroCms.Package\MicroCms.Package.csproj", "{DD8AAE45-A6AB-4039-9A45-0CA6A46C50E7}"
EndProject
Global
	GlobalSection(SolutionConfigurationPlatforms) = preSolution
		Debug|Any CPU = Debug|Any CPU
		Release|Any CPU = Release|Any CPU
	EndGlobalSection
	GlobalSection(ProjectConfigurationPlatforms) = postSolution
		{A5286567-68BE-4D6A-873A-766BCCB4911B}.Debug|Any CPU.ActiveCfg = Debug|Any CPU
		{A5286567-68BE-4D6A-873A-766BCCB4911B}.Debug|Any CPU.Build.0 = Debug|Any CPU
		{A5286567-68BE-4D6A-873A-766BCCB4911B}.Release|Any CPU.ActiveCfg = Release|Any CPU
		{A5286567-68BE-4D6A-873A-766BCCB4911B}.Release|Any CPU.Build.0 = Release|Any CPU
		{673D25AF-8172-4A6B-821A-1329560DA5F1}.Debug|Any CPU.ActiveCfg = Debug|Any CPU
		{673D25AF-8172-4A6B-821A-1329560DA5F1}.Debug|Any CPU.Build.0 = Debug|Any CPU
		{673D25AF-8172-4A6B-821A-1329560DA5F1}.Release|Any CPU.ActiveCfg = Release|Any CPU
		{673D25AF-8172-4A6B-821A-1329560DA5F1}.Release|Any CPU.Build.0 = Release|Any CPU
		{DD8AAE45-A6AB-4039-9A45-0CA6A46C50E7}.Debug|Any CPU.ActiveCfg = Debug|Any CPU
		{DD8AAE45-A6AB-4039-9A45-0CA6A46C50E7}.Debug|Any CPU.Build.0 = Debug|Any CPU
		{DD8AAE45-A6AB-4039-9A45-0CA6A46C50E7}.Release|Any CPU.ActiveCfg = Release|Any CPU
		{DD8AAE45-A6AB-4039-9A45-0CA6A46C50E7}.Release|Any CPU.Build.0 = Release|Any CPU
	EndGlobalSection
	GlobalSection(SolutionProperties) = preSolution
		HideSolutionNode = FALSE
	EndGlobalSection
	GlobalSection(NestedProjects) = preSolution
		{A5286567-68BE-4D6A-873A-766BCCB4911B} = {566DF192-D7E0-41EF-8A1A-A3133F367963}
		{ED40CB09-CE67-41E8-86A7-BE6027C60230} = {E185B33F-3217-499B-9893-BB48CEA2592A}
		{586D977E-6350-453A-A080-77249DD26635} = {E185B33F-3217-499B-9893-BB48CEA2592A}
		{E185B33F-3217-499B-9893-BB48CEA2592A} = {9682231B-9E81-42D3-A4B1-24758DB7D7EE}
		{19DFE783-04E6-408F-814F-69F421022E14} = {9682231B-9E81-42D3-A4B1-24758DB7D7EE}
		{EA5AB01B-7DEF-4F21-96C9-F2DCDCE97C05} = {9682231B-9E81-42D3-A4B1-24758DB7D7EE}
		{0D35EEFC-9B8B-419F-BF68-379531D87DEC} = {EA5AB01B-7DEF-4F21-96C9-F2DCDCE97C05}
		{DCFCF25B-ADFB-4465-A72F-6254D1E6BCF2} = {19DFE783-04E6-408F-814F-69F421022E14}
		{AAF9013E-966B-4A61-B228-E27FAFE5AC15} = {19DFE783-04E6-408F-814F-69F421022E14}
		{BD68B993-13DC-4F73-A65C-540F078F1E17} = {19DFE783-04E6-408F-814F-69F421022E14}
		{673D25AF-8172-4A6B-821A-1329560DA5F1} = {290064F0-598F-45B0-83DA-249DC3D2EEE8}
		{414DF75D-9D02-46BC-AFDB-9D60ECD8B5A1} = {9682231B-9E81-42D3-A4B1-24758DB7D7EE}
		{DD8AAE45-A6AB-4039-9A45-0CA6A46C50E7} = {414DF75D-9D02-46BC-AFDB-9D60ECD8B5A1}
	EndGlobalSection
	GlobalSection(ExtensibilityGlobals) = postSolution
		SolutionGuid = {5E1E39CC-0423-47C0-A64C-18A91A527F16}
	EndGlobalSection
EndGlobal
